
Microsoft Visual Studio Solution File, Format Version 12.00
# Visual Studio Version 17
VisualStudioVersion = 17.12.35506.116 d17.12
MinimumVisualStudioVersion = 10.0.40219.1
Project("{FAE04EC0-301F-11D3-BF4B-00C04F79EFBC}") = "ExamBuilder.UI", "ExamBuilder.UI\ExamBuilder.UI.csproj", "{0E30AE1E-3EAC-4AB4-BA1D-88AE447D2008}"
EndProject
Project("{FAE04EC0-301F-11D3-BF4B-00C04F79EFBC}") = "ExamBuilder.DAL", "ExamBuilder.DAL\ExamBuilder.DAL.csproj", "{9BD5A48A-204F-481C-90DD-95014CB5571C}"
EndProject
Project("{FAE04EC0-301F-11D3-BF4B-00C04F79EFBC}") = "ExamBuilder.BLL", "ExamBuilder.BLL\ExamBuilder.BLL.csproj", "{0D5D08B4-6B32-42C5-8CB8-54624EEB953D}"
EndProject
Project("{FAE04EC0-301F-11D3-BF4B-00C04F79EFBC}") = "ExamBuilder.Shared", "ExamBuilder.Shared\ExamBuilder.Shared.csproj", "{CD0CFE30-B0C7-4903-AF1E-8FDE7F5BD88A}"
EndProject
Global
	GlobalSection(SolutionConfigurationPlatforms) = preSolution
		Debug|Any CPU = Debug|Any CPU
		Release|Any CPU = Release|Any CPU
	EndGlobalSection
	GlobalSection(ProjectConfigurationPlatforms) = postSolution
		{0E30AE1E-3EAC-4AB4-BA1D-88AE447D2008}.Debug|Any CPU.ActiveCfg = Debug|Any CPU
		{0E30AE1E-3EAC-4AB4-BA1D-88AE447D2008}.Debug|Any CPU.Build.0 = Debug|Any CPU
		{0E30AE1E-3EAC-4AB4-BA1D-88AE447D2008}.Release|Any CPU.ActiveCfg = Release|Any CPU
		{0E30AE1E-3EAC-4AB4-BA1D-88AE447D2008}.Release|Any CPU.Build.0 = Release|Any CPU
		{9BD5A48A-204F-481C-90DD-95014CB5571C}.Debug|Any CPU.ActiveCfg = Debug|Any CPU
		{9BD5A48A-204F-481C-90DD-95014CB5571C}.Debug|Any CPU.Build.0 = Debug|Any CPU
		{9BD5A48A-204F-481C-90DD-95014CB5571C}.Release|Any CPU.ActiveCfg = Release|Any CPU
		{9BD5A48A-204F-481C-90DD-95014CB5571C}.Release|Any CPU.Build.0 = Release|Any CPU
		{0D5D08B4-6B32-42C5-8CB8-54624EEB953D}.Debug|Any CPU.ActiveCfg = Debug|Any CPU
		{0D5D08B4-6B32-42C5-8CB8-54624EEB953D}.Debug|Any CPU.Build.0 = Debug|Any CPU
		{0D5D08B4-6B32-42C5-8CB8-54624EEB953D}.Release|Any CPU.ActiveCfg = Release|Any CPU
		{0D5D08B4-6B32-42C5-8CB8-54624EEB953D}.Release|Any CPU.Build.0 = Release|Any CPU
		{CD0CFE30-B0C7-4903-AF1E-8FDE7F5BD88A}.Debug|Any CPU.ActiveCfg = Debug|Any CPU
		{CD0CFE30-B0C7-4903-AF1E-8FDE7F5BD88A}.Debug|Any CPU.Build.0 = Debug|Any CPU
		{CD0CFE30-B0C7-4903-AF1E-8FDE7F5BD88A}.Release|Any CPU.ActiveCfg = Release|Any CPU
		{CD0CFE30-B0C7-4903-AF1E-8FDE7F5BD88A}.Release|Any CPU.Build.0 = Release|Any CPU
	EndGlobalSection
	GlobalSection(SolutionProperties) = preSolution
		HideSolutionNode = FALSE
	EndGlobalSection
EndGlobal
